PODS:
  - Adhan (1.1.0)
  - MASPreferences (1.3)
  - StartAtLoginController (0.0.1)

DEPENDENCIES:
  - Adhan
  - MASPreferences
  - StartAtLoginController

SPEC REPOS:
  https://github.com/CocoaPods/Specs.git:
    - Adhan
    - MASPreferences
    - StartAtLoginController

SPEC CHECKSUMS:
  Adhan: 3484020e8b2e7ca6f9f27317307416611ce7d848
  MASPreferences: c08b8622dd17b47da87669e741efd7c92e970e8c
  StartAtLoginController: 9ff14295bab38f7cba164a838349f6c0a2d83020

PODFILE CHECKSUM: f18a453b315a50937b1f3e29a4b5c155698c3df0

COCOAPODS: 1.8.4
