{
  "originHash" : "cbca186aaa027ab89c327079b5c6e9ae3c5f1a6859cbe8677cb425070a8884da",
  "pins" : [
    {
      "identity" : "adhan-swift",
      "kind" : "remoteSourceControl",
      "location" : "https://github.com/batoulapps/adhan-swift",
      "state" : {
        "revision" : "6dc8309951fdaa0cd124c52b9a8de7e0da1ff2ce",
        "version" : "1.4.0"
      }
    }
  ],
  "version" : 3
}
